
Microsoft Visual Studio Solution File, Format Version 12.00
# Visual Studio 15
VisualStudioVersion = 15.0.28307.1022
MinimumVisualStudioVersion = 10.0.40219.1
Project("{8BC9CEB8-8B4A-11D0-8D11-00A0C91BC942}") = "gameoflife", "gameoflife\gameoflife.vcxproj", "{BE21F42F-4544-446A-9F03-76200D9879DD}"
EndProject
Global
	GlobalSection(SolutionConfigurationPlatforms) = preSolution
		Debug|x64 = Debug|x64
		Debug|x86 = Debug|x86
		Release|x64 = Release|x64
		Release|x86 = Release|x86
	EndGlobalSection
	GlobalSection(ProjectConfigurationPlatforms) = postSolution
		{BE21F42F-4544-446A-9F03-76200D9879DD}.Debug|x64.ActiveCfg = Debug|x64
		{BE21F42F-4544-446A-9F03-76200D9879DD}.Debug|x64.Build.0 = Debug|x64
		{BE21F42F-4544-446A-9F03-76200D9879DD}.Debug|x86.ActiveCfg = Debug|Win32
		{BE21F42F-4544-446A-9F03-76200D9879DD}.Debug|x86.Build.0 = Debug|Win32
		{BE21F42F-4544-446A-9F03-76200D9879DD}.Release|x64.ActiveCfg = Release|x64
		{BE21F42F-4544-446A-9F03-76200D9879DD}.Release|x64.Build.0 = Release|x64
		{BE21F42F-4544-446A-9F03-76200D9879DD}.Release|x86.ActiveCfg = Release|Win32
		{BE21F42F-4544-446A-9F03-76200D9879DD}.Release|x86.Build.0 = Release|Win32
	EndGlobalSection
	GlobalSection(SolutionProperties) = preSolution
		HideSolutionNode = FALSE
	EndGlobalSection
	GlobalSection(ExtensibilityGlobals) = postSolution
		SolutionGuid = {331B82CD-FFCA-42D0-AF25-DBC9F635A14B}
	EndGlobalSection
EndGlobal
